
Microsoft Visual Studio Solution File, Format Version 12.00
# Visual Studio Version 17
VisualStudioVersion = 17.8.34525.116
MinimumVisualStudioVersion = 10.0.40219.1
Project("{FAE04EC0-301F-11D3-BF4B-00C04F79EFBC}") = "EngBlogJob", "EngBlogJob\EngBlogJob.csproj", "{89B6961C-D31D-4F35-B9CA-8E175DC316C9}"
EndProject
Project("{FAE04EC0-301F-11D3-BF4B-00C04F79EFBC}") = "EngBlogDal", "EngBlogDal\EngBlogDal.csproj", "{4E824192-BD69-498A-B9B5-D7DF5F67A632}"
EndProject
Project("{FAE04EC0-301F-11D3-BF4B-00C04F79EFBC}") = "EngBlogApi", "EngBlogApi\EngBlogApi.csproj", "{42538F42-F285-4939-AC31-B0277DB2CCDE}"
EndProject
Global
	GlobalSection(SolutionConfigurationPlatforms) = preSolution
		Debug|Any CPU = Debug|Any CPU
		Release|Any CPU = Release|Any CPU
	EndGlobalSection
	GlobalSection(ProjectConfigurationPlatforms) = postSolution
		{89B6961C-D31D-4F35-B9CA-8E175DC316C9}.Debug|Any CPU.ActiveCfg = Debug|Any CPU
		{89B6961C-D31D-4F35-B9CA-8E175DC316C9}.Debug|Any CPU.Build.0 = Debug|Any CPU
		{89B6961C-D31D-4F35-B9CA-8E175DC316C9}.Release|Any CPU.ActiveCfg = Release|Any CPU
		{89B6961C-D31D-4F35-B9CA-8E175DC316C9}.Release|Any CPU.Build.0 = Release|Any CPU
		{4E824192-BD69-498A-B9B5-D7DF5F67A632}.Debug|Any CPU.ActiveCfg = Debug|Any CPU
		{4E824192-BD69-498A-B9B5-D7DF5F67A632}.Debug|Any CPU.Build.0 = Debug|Any CPU
		{4E824192-BD69-498A-B9B5-D7DF5F67A632}.Release|Any CPU.ActiveCfg = Release|Any CPU
		{4E824192-BD69-498A-B9B5-D7DF5F67A632}.Release|Any CPU.Build.0 = Release|Any CPU
		{42538F42-F285-4939-AC31-B0277DB2CCDE}.Debug|Any CPU.ActiveCfg = Debug|Any CPU
		{42538F42-F285-4939-AC31-B0277DB2CCDE}.Debug|Any CPU.Build.0 = Debug|Any CPU
		{42538F42-F285-4939-AC31-B0277DB2CCDE}.Release|Any CPU.ActiveCfg = Release|Any CPU
		{42538F42-F285-4939-AC31-B0277DB2CCDE}.Release|Any CPU.Build.0 = Release|Any CPU
	EndGlobalSection
	GlobalSection(SolutionProperties) = preSolution
		HideSolutionNode = FALSE
	EndGlobalSection
	GlobalSection(ExtensibilityGlobals) = postSolution
		SolutionGuid = {ACE3E61B-F664-4304-AB5E-14DA6637C16D}
	EndGlobalSection
EndGlobal
